
Microsoft Visual Studio Solution File, Format Version 12.00
Project("{FAE04EC0-301F-11D3-BF4B-00C04F79EFBC}") = "HalideSharp", "HalideSharp\HalideSharp.csproj", "{D84E250C-9E9C-4854-A2BF-9D1F9D045499}"
EndProject
Project("{2150E333-8FDC-42A3-9474-1A3956D46DE8}") = "Tutorials", "Tutorials", "{F8F69F4F-9AE3-46B5-99BD-E03A77BCA933}"
EndProject
Project("{D954291E-2A0B-460D-934E-DC6B0785DB48}") = "Resources", "Tutorials\Resources\Resources.shproj", "{28483B41-6611-43F6-B213-4CA88569C177}"
EndProject
Project("{FAE04EC0-301F-11D3-BF4B-00C04F79EFBC}") = "Lesson01", "Tutorials\Lesson01\Lesson01.csproj", "{32EDB897-C43D-41FA-8409-E141F74FFA6F}"
EndProject
Project("{FAE04EC0-301F-11D3-BF4B-00C04F79EFBC}") = "Lesson02", "Tutorials\Lesson02\Lesson02.csproj", "{44E8A9DE-64C8-498C-A455-133B33D5FD06}"
EndProject
Project("{FAE04EC0-301F-11D3-BF4B-00C04F79EFBC}") = "Lesson03", "Tutorials\Lesson03\Lesson03.csproj", "{83EBAA17-47DA-493F-AEFD-3A3403976ED3}"
EndProject
Project("{FAE04EC0-301F-11D3-BF4B-00C04F79EFBC}") = "Lesson04", "Tutorials\Lesson04\Lesson04.csproj", "{C8763436-3606-445B-8ECB-0CE83EFCC3A5}"
EndProject
Project("{FAE04EC0-301F-11D3-BF4B-00C04F79EFBC}") = "Lesson05", "Tutorials\Lesson05\Lesson05.csproj", "{6355AEF5-99F7-40F4-8DF8-600013602122}"
EndProject
Global
	GlobalSection(SolutionConfigurationPlatforms) = preSolution
		Debug|Any CPU = Debug|Any CPU
		Release|Any CPU = Release|Any CPU
	EndGlobalSection
	GlobalSection(ProjectConfigurationPlatforms) = postSolution
		{D84E250C-9E9C-4854-A2BF-9D1F9D045499}.Debug|Any CPU.ActiveCfg = Debug|Any CPU
		{D84E250C-9E9C-4854-A2BF-9D1F9D045499}.Debug|Any CPU.Build.0 = Debug|Any CPU
		{D84E250C-9E9C-4854-A2BF-9D1F9D045499}.Release|Any CPU.ActiveCfg = Release|Any CPU
		{D84E250C-9E9C-4854-A2BF-9D1F9D045499}.Release|Any CPU.Build.0 = Release|Any CPU
		{32EDB897-C43D-41FA-8409-E141F74FFA6F}.Debug|Any CPU.ActiveCfg = Debug|Any CPU
		{32EDB897-C43D-41FA-8409-E141F74FFA6F}.Debug|Any CPU.Build.0 = Debug|Any CPU
		{32EDB897-C43D-41FA-8409-E141F74FFA6F}.Release|Any CPU.ActiveCfg = Release|Any CPU
		{32EDB897-C43D-41FA-8409-E141F74FFA6F}.Release|Any CPU.Build.0 = Release|Any CPU
		{44E8A9DE-64C8-498C-A455-133B33D5FD06}.Debug|Any CPU.ActiveCfg = Debug|Any CPU
		{44E8A9DE-64C8-498C-A455-133B33D5FD06}.Debug|Any CPU.Build.0 = Debug|Any CPU
		{44E8A9DE-64C8-498C-A455-133B33D5FD06}.Release|Any CPU.ActiveCfg = Release|Any CPU
		{44E8A9DE-64C8-498C-A455-133B33D5FD06}.Release|Any CPU.Build.0 = Release|Any CPU
		{83EBAA17-47DA-493F-AEFD-3A3403976ED3}.Debug|Any CPU.ActiveCfg = Debug|Any CPU
		{83EBAA17-47DA-493F-AEFD-3A3403976ED3}.Debug|Any CPU.Build.0 = Debug|Any CPU
		{83EBAA17-47DA-493F-AEFD-3A3403976ED3}.Release|Any CPU.ActiveCfg = Release|Any CPU
		{83EBAA17-47DA-493F-AEFD-3A3403976ED3}.Release|Any CPU.Build.0 = Release|Any CPU
		{C8763436-3606-445B-8ECB-0CE83EFCC3A5}.Debug|Any CPU.ActiveCfg = Debug|Any CPU
		{C8763436-3606-445B-8ECB-0CE83EFCC3A5}.Debug|Any CPU.Build.0 = Debug|Any CPU
		{C8763436-3606-445B-8ECB-0CE83EFCC3A5}.Release|Any CPU.ActiveCfg = Release|Any CPU
		{C8763436-3606-445B-8ECB-0CE83EFCC3A5}.Release|Any CPU.Build.0 = Release|Any CPU
		{6355AEF5-99F7-40F4-8DF8-600013602122}.Debug|Any CPU.ActiveCfg = Debug|Any CPU
		{6355AEF5-99F7-40F4-8DF8-600013602122}.Debug|Any CPU.Build.0 = Debug|Any CPU
		{6355AEF5-99F7-40F4-8DF8-600013602122}.Release|Any CPU.ActiveCfg = Release|Any CPU
		{6355AEF5-99F7-40F4-8DF8-600013602122}.Release|Any CPU.Build.0 = Release|Any CPU
	EndGlobalSection
	GlobalSection(NestedProjects) = preSolution
		{28483B41-6611-43F6-B213-4CA88569C177} = {F8F69F4F-9AE3-46B5-99BD-E03A77BCA933}
		{32EDB897-C43D-41FA-8409-E141F74FFA6F} = {F8F69F4F-9AE3-46B5-99BD-E03A77BCA933}
		{44E8A9DE-64C8-498C-A455-133B33D5FD06} = {F8F69F4F-9AE3-46B5-99BD-E03A77BCA933}
		{83EBAA17-47DA-493F-AEFD-3A3403976ED3} = {F8F69F4F-9AE3-46B5-99BD-E03A77BCA933}
		{C8763436-3606-445B-8ECB-0CE83EFCC3A5} = {F8F69F4F-9AE3-46B5-99BD-E03A77BCA933}
		{6355AEF5-99F7-40F4-8DF8-600013602122} = {F8F69F4F-9AE3-46B5-99BD-E03A77BCA933}
	EndGlobalSection
EndGlobal
